// !$*UTF8*$!
{
	archiveVersion = 1;
	classes = {
	};
	objectVersion = 46;
	objects = {

/* Begin PBXBuildFile section */
		1AC6FB21180E996B004C840B /* libcocos2d Mac.a in Frameworks */ = {isa = PBXBuildFile; fileRef = 1AC6FAF9180E9839004C840B /* libcocos2d Mac.a */; };
		1AC6FB30180E99EB004C840B /* libcocos2d iOS.a in Frameworks */ = {isa = PBXBuildFile; fileRef = 1AC6FB07180E9839004C840B /* libcocos2d iOS.a */; };
		1D60589F0D05DD5A006BFB54 /* Foundation.framework in Frameworks */ = {isa = PBXBuildFile; fileRef = 1D30AB110D05D00D00671497 /* Foundation.framework */; };
		1DF5F4E00D08C38300B7A737 /* UIKit.framework in Frameworks */ = {isa = PBXBuildFile; fileRef = 1DF5F4DF0D08C38300B7A737 /* UIKit.framework */; };
		288765A50DF7441C002DB57D /* CoreGraphics.framework in Frameworks */ = {isa = PBXBuildFile; fileRef = 288765A40DF7441C002DB57D /* CoreGraphics.framework */; };
		3EACC98F19EE6D4300EB3C5E /* res in Resources */ = {isa = PBXBuildFile; fileRef = 3EACC98E19EE6D4300EB3C5E /* res */; };
		3EACC99019EE6D4300EB3C5E /* res in Resources */ = {isa = PBXBuildFile; fileRef = 3EACC98E19EE6D4300EB3C5E /* res */; };
		46880B8819C43A87006E1F66 /* AppDelegate.cpp in Sources */ = {isa = PBXBuildFile; fileRef = 46880B8419C43A87006E1F66 /* AppDelegate.cpp */; };
		46880B8919C43A87006E1F66 /* AppDelegate.cpp in Sources */ = {isa = PBXBuildFile; fileRef = 46880B8419C43A87006E1F66 /* AppDelegate.cpp */; };
		503AE0F817EB97AB00D1A890 /* Icon.icns in Resources */ = {isa = PBXBuildFile; fileRef = 503AE0F617EB97AB00D1A890 /* Icon.icns */; };
		503AE10017EB989F00D1A890 /* AppController.mm in Sources */ = {isa = PBXBuildFile; fileRef = 503AE0FB17EB989F00D1A890 /* AppController.mm */; };
		503AE10117EB989F00D1A890 /* main.m in Sources */ = {isa = PBXBuildFile; fileRef = 503AE0FC17EB989F00D1A890 /* main.m */; };
		503AE10217EB989F00D1A890 /* RootViewController.mm in Sources */ = {isa = PBXBuildFile; fileRef = 503AE0FF17EB989F00D1A890 /* RootViewController.mm */; };
		503AE10517EB98FF00D1A890 /* main.cpp in Sources */ = {isa = PBXBuildFile; fileRef = 503AE10317EB98FF00D1A890 /* main.cpp */; };
		503AE11B17EB9C5A00D1A890 /* IOKit.framework in Frameworks */ = {isa = PBXBuildFile; fileRef = 503AE11A17EB9C5A00D1A890 /* IOKit.framework */; };
		5087E76317EB910900C73F5D /* Foundation.framework in Frameworks */ = {isa = PBXBuildFile; fileRef = 1D30AB110D05D00D00671497 /* Foundation.framework */; };
		5087E76717EB910900C73F5D /* libz.dylib in Frameworks */ = {isa = PBXBuildFile; fileRef = BF170DB412928DE900B8313A /* libz.dylib */; };
		5087E76817EB910900C73F5D /* QuartzCore.framework in Frameworks */ = {isa = PBXBuildFile; fileRef = BF1C47EA1293683800B63C5D /* QuartzCore.framework */; };
		5087E76917EB910900C73F5D /* OpenAL.framework in Frameworks */ = {isa = PBXBuildFile; fileRef = D44C620B132DFF330009C878 /* OpenAL.framework */; };
		5087E76A17EB910900C73F5D /* AVFoundation.framework in Frameworks */ = {isa = PBXBuildFile; fileRef = D44C620D132DFF430009C878 /* AVFoundation.framework */; };
		5087E76B17EB910900C73F5D /* AudioToolbox.framework in Frameworks */ = {isa = PBXBuildFile; fileRef = D44C620F132DFF4E0009C878 /* AudioToolbox.framework */; };
		5087E77D17EB970100C73F5D /* Default-568h@2x.png in Resources */ = {isa = PBXBuildFile; fileRef = 5087E77217EB970100C73F5D /* Default-568h@2x.png */; };
		5087E77E17EB970100C73F5D /* Default.png in Resources */ = {isa = PBXBuildFile; fileRef = 5087E77317EB970100C73F5D /* Default.png */; };
		5087E77F17EB970100C73F5D /* Default@2x.png in Resources */ = {isa = PBXBuildFile; fileRef = 5087E77417EB970100C73F5D /* Default@2x.png */; };
		5087E78017EB970100C73F5D /* Icon-114.png in Resources */ = {isa = PBXBuildFile; fileRef = 5087E77517EB970100C73F5D /* Icon-114.png */; };
		5087E78117EB970100C73F5D /* Icon-120.png in Resources */ = {isa = PBXBuildFile; fileRef = 5087E77617EB970100C73F5D /* Icon-120.png */; };
		5087E78217EB970100C73F5D /* Icon-144.png in Resources */ = {isa = PBXBuildFile; fileRef = 5087E77717EB970100C73F5D /* Icon-144.png */; };
		5087E78317EB970100C73F5D /* Icon-152.png in Resources */ = {isa = PBXBuildFile; fileRef = 5087E77817EB970100C73F5D /* Icon-152.png */; };
		5087E78417EB970100C73F5D /* Icon-57.png in Resources */ = {isa = PBXBuildFile; fileRef = 5087E77917EB970100C73F5D /* Icon-57.png */; };
		5087E78517EB970100C73F5D /* Icon-72.png in Resources */ = {isa = PBXBuildFile; fileRef = 5087E77A17EB970100C73F5D /* Icon-72.png */; };
		5087E78617EB970100C73F5D /* Icon-76.png in Resources */ = {isa = PBXBuildFile; fileRef = 5087E77B17EB970100C73F5D /* Icon-76.png */; };
		5087E78917EB974C00C73F5D /* AppKit.framework in Frameworks */ = {isa = PBXBuildFile; fileRef = 5087E78817EB974C00C73F5D /* AppKit.framework */; };
		5087E78B17EB975400C73F5D /* OpenGL.framework in Frameworks */ = {isa = PBXBuildFile; fileRef = 5087E78A17EB975400C73F5D /* OpenGL.framework */; };
		50EF629617ECD46A001EB2F8 /* Icon-40.png in Resources */ = {isa = PBXBuildFile; fileRef = 50EF629217ECD46A001EB2F8 /* Icon-40.png */; };
		50EF629717ECD46A001EB2F8 /* Icon-58.png in Resources */ = {isa = PBXBuildFile; fileRef = 50EF629317ECD46A001EB2F8 /* Icon-58.png */; };
		50EF629817ECD46A001EB2F8 /* Icon-80.png in Resources */ = {isa = PBXBuildFile; fileRef = 50EF629417ECD46A001EB2F8 /* Icon-80.png */; };
		50EF629917ECD46A001EB2F8 /* Icon-100.png in Resources */ = {isa = PBXBuildFile; fileRef = 50EF629517ECD46A001EB2F8 /* Icon-100.png */; };
		50EF62A217ECD613001EB2F8 /* Icon-29.png in Resources */ = {isa = PBXBuildFile; fileRef = 50EF62A017ECD613001EB2F8 /* Icon-29.png */; };
		50EF62A317ECD613001EB2F8 /* Icon-50.png in Resources */ = {isa = PBXBuildFile; fileRef = 50EF62A117ECD613001EB2F8 /* Icon-50.png */; };
		521A8E6419F0C34300D177D7 /* Default-667h@2x.png in Resources */ = {isa = PBXBuildFile; fileRef = 521A8E6219F0C34300D177D7 /* Default-667h@2x.png */; };
		521A8E6519F0C34300D177D7 /* Default-736h@3x.png in Resources */ = {isa = PBXBuildFile; fileRef = 521A8E6319F0C34300D177D7 /* Default-736h@3x.png */; };
		521A8EA919F11F5000D177D7 /* fonts in Resources */ = {isa = PBXBuildFile; fileRef = 521A8EA819F11F5000D177D7 /* fonts */; };
		521A8EAA19F11F5000D177D7 /* fonts in Resources */ = {isa = PBXBuildFile; fileRef = 521A8EA819F11F5000D177D7 /* fonts */; };
		52B47A471A53D09C004E4C60 /* Security.framework in Frameworks */ = {isa = PBXBuildFile; fileRef = 52B47A461A53D09B004E4C60 /* Security.framework */; };
		8262943E1AAF051F00CB7CF7 /* Security.framework in Frameworks */ = {isa = PBXBuildFile; fileRef = 8262943D1AAF051F00CB7CF7 /* Security.framework */; };
		98024D3A1EC4834900C14726 /* MainMenuScene.cpp in Sources */ = {isa = PBXBuildFile; fileRef = 98024D381EC4834900C14726 /* MainMenuScene.cpp */; };
		98024D3B1EC4834900C14726 /* MainMenuScene.cpp in Sources */ = {isa = PBXBuildFile; fileRef = 98024D381EC4834900C14726 /* MainMenuScene.cpp */; };
		9815C94C1C7B0B490018656C /* AnimationComponent.cpp in Sources */ = {isa = PBXBuildFile; fileRef = 9815C9481C7B0B490018656C /* AnimationComponent.cpp */; };
		9815C94D1C7B0B490018656C /* AnimationComponent.cpp in Sources */ = {isa = PBXBuildFile; fileRef = 9815C9481C7B0B490018656C /* AnimationComponent.cpp */; };
		9815C9521C7B0B600018656C /* World.cpp in Sources */ = {isa = PBXBuildFile; fileRef = 9815C9501C7B0B600018656C /* World.cpp */; };
		9815C9531C7B0B600018656C /* World.cpp in Sources */ = {isa = PBXBuildFile; fileRef = 9815C9501C7B0B600018656C /* World.cpp */; };
		98220EB91E9CE28600171ECF /* Actor.cpp in Sources */ = {isa = PBXBuildFile; fileRef = 98220EB71E9CE28600171ECF /* Actor.cpp */; };
		98220EBA1E9CE28600171ECF /* Actor.cpp in Sources */ = {isa = PBXBuildFile; fileRef = 98220EB71E9CE28600171ECF /* Actor.cpp */; };
		9823DE1B1E98CDA9003ACFE4 /* Swing.cpp in Sources */ = {isa = PBXBuildFile; fileRef = 9823DE191E98CDA9003ACFE4 /* Swing.cpp */; };
		9823DE1C1E98CDA9003ACFE4 /* Swing.cpp in Sources */ = {isa = PBXBuildFile; fileRef = 9823DE191E98CDA9003ACFE4 /* Swing.cpp */; };
		9825D8801C80495700FD4133 /* AudioManager.cpp in Sources */ = {isa = PBXBuildFile; fileRef = 9825D87E1C80495700FD4133 /* AudioManager.cpp */; };
		9825D8811C80495700FD4133 /* AudioManager.cpp in Sources */ = {isa = PBXBuildFile; fileRef = 9825D87E1C80495700FD4133 /* AudioManager.cpp */; };
		9825D8831C804B6400FD4133 /* audio in Resources */ = {isa = PBXBuildFile; fileRef = 9825D8821C804B6400FD4133 /* audio */; };
		9825D8841C804B6400FD4133 /* audio in Resources */ = {isa = PBXBuildFile; fileRef = 9825D8821C804B6400FD4133 /* audio */; };
		9825D8871C80889100FD4133 /* Coin.cpp in Sources */ = {isa = PBXBuildFile; fileRef = 9825D8851C80889100FD4133 /* Coin.cpp */; };
		9825D8881C80889100FD4133 /* Coin.cpp in Sources */ = {isa = PBXBuildFile; fileRef = 9825D8851C80889100FD4133 /* Coin.cpp */; };
		983CA8951E9BD686003E37E6 /* ClutterObject.cpp in Sources */ = {isa = PBXBuildFile; fileRef = 983CA8931E9BD686003E37E6 /* ClutterObject.cpp */; };
		983CA8961E9BD686003E37E6 /* ClutterObject.cpp in Sources */ = {isa = PBXBuildFile; fileRef = 983CA8931E9BD686003E37E6 /* ClutterObject.cpp */; };
		983CA89B1E9BEFE9003E37E6 /* Background.cpp in Sources */ = {isa = PBXBuildFile; fileRef = 983CA8991E9BEFE9003E37E6 /* Background.cpp */; };
		983CA89C1E9BEFE9003E37E6 /* Background.cpp in Sources */ = {isa = PBXBuildFile; fileRef = 983CA8991E9BEFE9003E37E6 /* Background.cpp */; };
		987114811C748DAE0062FCA9 /* ClutterTile.cpp in Sources */ = {isa = PBXBuildFile; fileRef = 9871147F1C748DAE0062FCA9 /* ClutterTile.cpp */; };
		987114821C748DAE0062FCA9 /* ClutterTile.cpp in Sources */ = {isa = PBXBuildFile; fileRef = 9871147F1C748DAE0062FCA9 /* ClutterTile.cpp */; };
		987F4E721EA73D7900F1E305 /* ReaperGraveStone.cpp in Sources */ = {isa = PBXBuildFile; fileRef = 987F4E701EA73D7900F1E305 /* ReaperGraveStone.cpp */; };
		987F4E731EA73D7900F1E305 /* ReaperGraveStone.cpp in Sources */ = {isa = PBXBuildFile; fileRef = 987F4E701EA73D7900F1E305 /* ReaperGraveStone.cpp */; };
		98840D8B1E96E013005E1132 /* shaders in Resources */ = {isa = PBXBuildFile; fileRef = 98840D8A1E96E013005E1132 /* shaders */; };
		98840D8C1E96E013005E1132 /* shaders in Resources */ = {isa = PBXBuildFile; fileRef = 98840D8A1E96E013005E1132 /* shaders */; };
		98916F901C7E0A2500D3D0EB /* FlashLayer.cpp in Sources */ = {isa = PBXBuildFile; fileRef = 98916F8E1C7E0A2500D3D0EB /* FlashLayer.cpp */; };
		98916F911C7E0A2500D3D0EB /* FlashLayer.cpp in Sources */ = {isa = PBXBuildFile; fileRef = 98916F8E1C7E0A2500D3D0EB /* FlashLayer.cpp */; };
		98AFABFA1E9A36E000894AF2 /* Bat.cpp in Sources */ = {isa = PBXBuildFile; fileRef = 98AFABF81E9A36E000894AF2 /* Bat.cpp */; };
		98AFABFB1E9A36E000894AF2 /* Bat.cpp in Sources */ = {isa = PBXBuildFile; fileRef = 98AFABF81E9A36E000894AF2 /* Bat.cpp */; };
		98AFABFE1E9A91D600894AF2 /* ExplosiveCrate.cpp in Sources */ = {isa = PBXBuildFile; fileRef = 98AFABFC1E9A91D600894AF2 /* ExplosiveCrate.cpp */; };
		98AFABFF1E9A91D600894AF2 /* ExplosiveCrate.cpp in Sources */ = {isa = PBXBuildFile; fileRef = 98AFABFC1E9A91D600894AF2 /* ExplosiveCrate.cpp */; };
		98DA83101C7C8458006700AD /* Food.cpp in Sources */ = {isa = PBXBuildFile; fileRef = 98DA830E1C7C8458006700AD /* Food.cpp */; };
		98DA83111C7C8458006700AD /* Food.cpp in Sources */ = {isa = PBXBuildFile; fileRef = 98DA830E1C7C8458006700AD /* Food.cpp */; };
		98E09DA41EA9E26500A23639 /* HealthBar.cpp in Sources */ = {isa = PBXBuildFile; fileRef = 98E09DA21EA9E26500A23639 /* HealthBar.cpp */; };
		98E09DA51EA9E26500A23639 /* HealthBar.cpp in Sources */ = {isa = PBXBuildFile; fileRef = 98E09DA21EA9E26500A23639 /* HealthBar.cpp */; };
		98E09DA81EA9E55E00A23639 /* PlayerStats.cpp in Sources */ = {isa = PBXBuildFile; fileRef = 98E09DA61EA9E55E00A23639 /* PlayerStats.cpp */; };
		98E09DA91EA9E55E00A23639 /* PlayerStats.cpp in Sources */ = {isa = PBXBuildFile; fileRef = 98E09DA61EA9E55E00A23639 /* PlayerStats.cpp */; };
		BF171245129291EC00B8313A /* OpenGLES.framework in Frameworks */ = {isa = PBXBuildFile; fileRef = BF170DB012928DE900B8313A /* OpenGLES.framework */; };
		BF1712471292920000B8313A /* libz.dylib in Frameworks */ = {isa = PBXBuildFile; fileRef = BF170DB412928DE900B8313A /* libz.dylib */; };
		BF1C47F01293687400B63C5D /* QuartzCore.framework in Frameworks */ = {isa = PBXBuildFile; fileRef = BF1C47EA1293683800B63C5D /* QuartzCore.framework */; };
		D44C620C132DFF330009C878 /* OpenAL.framework in Frameworks */ = {isa = PBXBuildFile; fileRef = D44C620B132DFF330009C878 /* OpenAL.framework */; };
		D44C620E132DFF430009C878 /* AVFoundation.framework in Frameworks */ = {isa = PBXBuildFile; fileRef = D44C620D132DFF430009C878 /* AVFoundation.framework */; };
		D44C6210132DFF4E0009C878 /* AudioToolbox.framework in Frameworks */ = {isa = PBXBuildFile; fileRef = D44C620F132DFF4E0009C878 /* AudioToolbox.framework */; };
		D6B0611B1803AB670077942B /* CoreMotion.framework in Frameworks */ = {isa = PBXBuildFile; fileRef = D6B0611A1803AB670077942B /* CoreMotion.framework */; };
		ED545A7C1B68A1F400C3958E /* libiconv.dylib in Frameworks */ = {isa = PBXBuildFile; fileRef = ED545A7B1B68A1F400C3958E /* libiconv.dylib */; };
		ED545A7E1B68A1FA00C3958E /* libiconv.dylib in Frameworks */ = {isa = PBXBuildFile; fileRef = ED545A7D1B68A1FA00C3958E /* libiconv.dylib */; };
		F6200E911C6F19A700102152 /* GameScene.cpp in Sources */ = {isa = PBXBuildFile; fileRef = F6200E8F1C6F19A700102152 /* GameScene.cpp */; };
		F6200E921C6F19A700102152 /* GameScene.cpp in Sources */ = {isa = PBXBuildFile; fileRef = F6200E8F1C6F19A700102152 /* GameScene.cpp */; };
		F6200EA11C6F1C6F00102152 /* textures in Resources */ = {isa = PBXBuildFile; fileRef = F6200EA01C6F1C6F00102152 /* textures */; };
		F6200EA21C6F1C6F00102152 /* textures in Resources */ = {isa = PBXBuildFile; fileRef = F6200EA01C6F1C6F00102152 /* textures */; };
		F6200EAC1C6F1F1B00102152 /* MapHandler.cpp in Sources */ = {isa = PBXBuildFile; fileRef = F6200EAA1C6F1F1B00102152 /* MapHandler.cpp */; };
		F6200EAD1C6F1F1B00102152 /* MapHandler.cpp in Sources */ = {isa = PBXBuildFile; fileRef = F6200EAA1C6F1F1B00102152 /* MapHandler.cpp */; };
		F62015901EA4A8D600350031 /* Soul.cpp in Sources */ = {isa = PBXBuildFile; fileRef = F620158E1EA4A8D600350031 /* Soul.cpp */; };
		F62015911EA4A8D600350031 /* Soul.cpp in Sources */ = {isa = PBXBuildFile; fileRef = F620158E1EA4A8D600350031 /* Soul.cpp */; };
		F6235F2F1C6F30AF00D9DDC6 /* level01.txt in Resources */ = {isa = PBXBuildFile; fileRef = F6235F2E1C6F30AF00D9DDC6 /* level01.txt */; };
		F6235F301C6F30AF00D9DDC6 /* level01.txt in Resources */ = {isa = PBXBuildFile; fileRef = F6235F2E1C6F30AF00D9DDC6 /* level01.txt */; };
		F6235F331C6F38FB00D9DDC6 /* Player.cpp in Sources */ = {isa = PBXBuildFile; fileRef = F6235F311C6F38FB00D9DDC6 /* Player.cpp */; };
		F6235F341C6F38FB00D9DDC6 /* Player.cpp in Sources */ = {isa = PBXBuildFile; fileRef = F6235F311C6F38FB00D9DDC6 /* Player.cpp */; };
		F6502F5E1C81CE3300920211 /* Pickup.cpp in Sources */ = {isa = PBXBuildFile; fileRef = F6502F5C1C81CE3300920211 /* Pickup.cpp */; };
		F6502F5F1C81CE3300920211 /* Pickup.cpp in Sources */ = {isa = PBXBuildFile; fileRef = F6502F5C1C81CE3300920211 /* Pickup.cpp */; };
		F6502F641C81E28100920211 /* Spike.cpp in Sources */ = {isa = PBXBuildFile; fileRef = F6502F621C81E28100920211 /* Spike.cpp */; };
		F6502F651C81E28100920211 /* Spike.cpp in Sources */ = {isa = PBXBuildFile; fileRef = F6502F621C81E28100920211 /* Spike.cpp */; };
		F675F6861C710C8900CC04E3 /* SimpleParticle.cpp in Sources */ = {isa = PBXBuildFile; fileRef = F675F6841C710C8900CC04E3 /* SimpleParticle.cpp */; };
		F675F6871C710C8900CC04E3 /* SimpleParticle.cpp in Sources */ = {isa = PBXBuildFile; fileRef = F675F6841C710C8900CC04E3 /* SimpleParticle.cpp */; };
		F67D08E51EA0177E00380582 /* GraveStone.cpp in Sources */ = {isa = PBXBuildFile; fileRef = F67D08E31EA0177E00380582 /* GraveStone.cpp */; };
		F67D08E61EA0177E00380582 /* GraveStone.cpp in Sources */ = {isa = PBXBuildFile; fileRef = F67D08E31EA0177E00380582 /* GraveStone.cpp */; };
/* End PBXBuildFile section */

/* Begin PBXContainerItemProxy section */
		1AC6FAF8180E9839004C840B /* PBXContainerItemProxy */ = {
			isa = PBXContainerItemProxy;
			containerPortal = 1AC6FAE5180E9839004C840B /* cocos2d_libs.xcodeproj */;
			proxyType = 2;
			remoteGlobalIDString = 1551A33F158F2AB200E66CFE;
			remoteInfo = "cocos2dx Mac";
		};
		1AC6FB06180E9839004C840B /* PBXContainerItemProxy */ = {
			isa = PBXContainerItemProxy;
			containerPortal = 1AC6FAE5180E9839004C840B /* cocos2d_libs.xcodeproj */;
			proxyType = 2;
			remoteGlobalIDString = A07A4D641783777C0073F6A7;
			remoteInfo = "cocos2dx iOS";
		};
		1AC6FB15180E9959004C840B /* PBXContainerItemProxy */ = {
			isa = PBXContainerItemProxy;
			containerPortal = 1AC6FAE5180E9839004C840B /* cocos2d_libs.xcodeproj */;
			proxyType = 1;
			remoteGlobalIDString = 1551A33E158F2AB200E66CFE;
			remoteInfo = "cocos2dx Mac";
		};
		1AC6FB24180E99E1004C840B /* PBXContainerItemProxy */ = {
			isa = PBXContainerItemProxy;
			containerPortal = 1AC6FAE5180E9839004C840B /* cocos2d_libs.xcodeproj */;
			proxyType = 1;
			remoteGlobalIDString = A07A4C241783777C0073F6A7;
			remoteInfo = "cocos2dx iOS";
		};
/* End PBXContainerItemProxy section */

/* Begin PBXFileReference section */
		1AC6FAE5180E9839004C840B /* cocos2d_libs.xcodeproj */ = {isa = PBXFileReference; lastKnownFileType = "wrapper.pb-project"; name = cocos2d_libs.xcodeproj; path = ../cocos2d/build/cocos2d_libs.xcodeproj; sourceTree = "<group>"; };
		1ACB3243164770DE00914215 /* libcurl.a */ = {isa = PBXFileReference; lastKnownFileType = archive.ar; name = libcurl.a; path = ../../cocos2dx/platform/third_party/ios/libraries/libcurl.a; sourceTree = "<group>"; };
		1D30AB110D05D00D00671497 /* Foundation.framework */ = {isa = PBXFileReference; lastKnownFileType = wrapper.framework; name = Foundation.framework; path = System/Library/Frameworks/Foundation.framework; sourceTree = SDKROOT; };
		1D6058910D05DD3D006BFB54 /* MagicTowerProject-mobile.app */ = {isa = PBXFileReference; explicitFileType = wrapper.application; includeInIndex = 0; path = "MagicTowerProject-mobile.app"; sourceTree = BUILT_PRODUCTS_DIR; };
		1DF5F4DF0D08C38300B7A737 /* UIKit.framework */ = {isa = PBXFileReference; lastKnownFileType = wrapper.framework; name = UIKit.framework; path = System/Library/Frameworks/UIKit.framework; sourceTree = SDKROOT; };
		288765A40DF7441C002DB57D /* CoreGraphics.framework */ = {isa = PBXFileReference; lastKnownFileType = wrapper.framework; name = CoreGraphics.framework; path = System/Library/Frameworks/CoreGraphics.framework; sourceTree = SDKROOT; };
		3EACC98E19EE6D4300EB3C5E /* res */ = {isa = PBXFileReference; lastKnownFileType = folder; path = res; sourceTree = "<group>"; };
		46880B8419C43A87006E1F66 /* AppDelegate.cpp */ = {isa = PBXFileReference; fileEncoding = 4; lastKnownFileType = sourcecode.cpp.cpp; path = AppDelegate.cpp; sourceTree = "<group>"; };
		46880B8519C43A87006E1F66 /* AppDelegate.h */ = {isa = PBXFileReference; fileEncoding = 4; lastKnownFileType = sourcecode.c.h; path = AppDelegate.h; sourceTree = "<group>"; };
		503AE0F617EB97AB00D1A890 /* Icon.icns */ = {isa = PBXFileReference; lastKnownFileType = image.icns; path = Icon.icns; sourceTree = "<group>"; };
		503AE0F717EB97AB00D1A890 /* Info.plist */ = {isa = PBXFileReference; fileEncoding = 4; lastKnownFileType = text.plist.xml; path = Info.plist; sourceTree = "<group>"; };
		503AE0FA17EB989F00D1A890 /* AppController.h */ = {isa = PBXFileReference; fileEncoding = 4; lastKnownFileType = sourcecode.c.h; name = AppController.h; path = ios/AppController.h; sourceTree = SOURCE_ROOT; };
		503AE0FB17EB989F00D1A890 /* AppController.mm */ = {isa = PBXFileReference; fileEncoding = 4; lastKnownFileType = sourcecode.cpp.objcpp; name = AppController.mm; path = ios/AppController.mm; sourceTree = SOURCE_ROOT; };
		503AE0FC17EB989F00D1A890 /* main.m */ = {isa = PBXFileReference; fileEncoding = 4; lastKnownFileType = sourcecode.c.objc; name = main.m; path = ios/main.m; sourceTree = SOURCE_ROOT; };
		503AE0FD17EB989F00D1A890 /* Prefix.pch */ = {isa = PBXFileReference; fileEncoding = 4; lastKnownFileType = sourcecode.c.h; name = Prefix.pch; path = ios/Prefix.pch; sourceTree = SOURCE_ROOT; };
		503AE0FE17EB989F00D1A890 /* RootViewController.h */ = {isa = PBXFileReference; fileEncoding = 4; lastKnownFileType = sourcecode.c.h; name = RootViewController.h; path = ios/RootViewController.h; sourceTree = SOURCE_ROOT; };
		503AE0FF17EB989F00D1A890 /* RootViewController.mm */ = {isa = PBXFileReference; fileEncoding = 4; lastKnownFileType = sourcecode.cpp.objcpp; name = RootViewController.mm; path = ios/RootViewController.mm; sourceTree = SOURCE_ROOT; };
		503AE10317EB98FF00D1A890 /* main.cpp */ = {isa = PBXFileReference; fileEncoding = 4; lastKnownFileType = sourcecode.cpp.cpp; name = main.cpp; path = mac/main.cpp; sourceTree = "<group>"; };
		503AE10417EB98FF00D1A890 /* Prefix.pch */ = {isa = PBXFileReference; fileEncoding = 4; lastKnownFileType = sourcecode.c.h; name = Prefix.pch; path = mac/Prefix.pch; sourceTree = "<group>"; };
		503AE11117EB99EE00D1A890 /* libcurl.dylib */ = {isa = PBXFileReference; lastKnownFileType = "compiled.mach-o.dylib"; name = libcurl.dylib; path = usr/lib/libcurl.dylib; sourceTree = SDKROOT; };
		503AE11A17EB9C5A00D1A890 /* IOKit.framework */ = {isa = PBXFileReference; lastKnownFileType = wrapper.framework; name = IOKit.framework; path = System/Library/Frameworks/IOKit.framework; sourceTree = SDKROOT; };
		5087E76F17EB910900C73F5D /* MagicTowerProject-desktop.app */ = {isa = PBXFileReference; explicitFileType = wrapper.application; includeInIndex = 0; path = "MagicTowerProject-desktop.app"; sourceTree = BUILT_PRODUCTS_DIR; };
		5087E77217EB970100C73F5D /* Default-568h@2x.png */ = {isa = PBXFileReference; lastKnownFileType = image.png; path = "Default-568h@2x.png"; sourceTree = "<group>"; };
		5087E77317EB970100C73F5D /* Default.png */ = {isa = PBXFileReference; lastKnownFileType = image.png; path = Default.png; sourceTree = "<group>"; };
		5087E77417EB970100C73F5D /* Default@2x.png */ = {isa = PBXFileReference; lastKnownFileType = image.png; path = "Default@2x.png"; sourceTree = "<group>"; };
		5087E77517EB970100C73F5D /* Icon-114.png */ = {isa = PBXFileReference; lastKnownFileType = image.png; path = "Icon-114.png"; sourceTree = "<group>"; };
		5087E77617EB970100C73F5D /* Icon-120.png */ = {isa = PBXFileReference; lastKnownFileType = image.png; path = "Icon-120.png"; sourceTree = "<group>"; };
		5087E77717EB970100C73F5D /* Icon-144.png */ = {isa = PBXFileReference; lastKnownFileType = image.png; path = "Icon-144.png"; sourceTree = "<group>"; };
		5087E77817EB970100C73F5D /* Icon-152.png */ = {isa = PBXFileReference; lastKnownFileType = image.png; path = "Icon-152.png"; sourceTree = "<group>"; };
		5087E77917EB970100C73F5D /* Icon-57.png */ = {isa = PBXFileReference; lastKnownFileType = image.png; path = "Icon-57.png"; sourceTree = "<group>"; };
		5087E77A17EB970100C73F5D /* Icon-72.png */ = {isa = PBXFileReference; lastKnownFileType = image.png; path = "Icon-72.png"; sourceTree = "<group>"; };
		5087E77B17EB970100C73F5D /* Icon-76.png */ = {isa = PBXFileReference; lastKnownFileType = image.png; path = "Icon-76.png"; sourceTree = "<group>"; };
		5087E77C17EB970100C73F5D /* Info.plist */ = {isa = PBXFileReference; fileEncoding = 4; lastKnownFileType = text.plist.xml; path = Info.plist; sourceTree = "<group>"; };
		5087E78817EB974C00C73F5D /* AppKit.framework */ = {isa = PBXFileReference; lastKnownFileType = wrapper.framework; name = AppKit.framework; path = System/Library/Frameworks/AppKit.framework; sourceTree = SDKROOT; };
		5087E78A17EB975400C73F5D /* OpenGL.framework */ = {isa = PBXFileReference; lastKnownFileType = wrapper.framework; name = OpenGL.framework; path = System/Library/Frameworks/OpenGL.framework; sourceTree = SDKROOT; };
		50EF629217ECD46A001EB2F8 /* Icon-40.png */ = {isa = PBXFileReference; lastKnownFileType = image.png; path = "Icon-40.png"; sourceTree = "<group>"; };
		50EF629317ECD46A001EB2F8 /* Icon-58.png */ = {isa = PBXFileReference; lastKnownFileType = image.png; path = "Icon-58.png"; sourceTree = "<group>"; };
		50EF629417ECD46A001EB2F8 /* Icon-80.png */ = {isa = PBXFileReference; lastKnownFileType = image.png; path = "Icon-80.png"; sourceTree = "<group>"; };
		50EF629517ECD46A001EB2F8 /* Icon-100.png */ = {isa = PBXFileReference; lastKnownFileType = image.png; path = "Icon-100.png"; sourceTree = "<group>"; };
		50EF62A017ECD613001EB2F8 /* Icon-29.png */ = {isa = PBXFileReference; lastKnownFileType = image.png; path = "Icon-29.png"; sourceTree = "<group>"; };
		50EF62A117ECD613001EB2F8 /* Icon-50.png */ = {isa = PBXFileReference; lastKnownFileType = image.png; path = "Icon-50.png"; sourceTree = "<group>"; };
		521A8E6219F0C34300D177D7 /* Default-667h@2x.png */ = {isa = PBXFileReference; lastKnownFileType = image.png; path = "Default-667h@2x.png"; sourceTree = "<group>"; };
		521A8E6319F0C34300D177D7 /* Default-736h@3x.png */ = {isa = PBXFileReference; lastKnownFileType = image.png; path = "Default-736h@3x.png"; sourceTree = "<group>"; };
		521A8EA819F11F5000D177D7 /* fonts */ = {isa = PBXFileReference; lastKnownFileType = folder; path = fonts; sourceTree = "<group>"; };
		52B47A461A53D09B004E4C60 /* Security.framework */ = {isa = PBXFileReference; lastKnownFileType = wrapper.framework; name = Security.framework; path = Platforms/iPhoneOS.platform/Developer/SDKs/iPhoneOS8.1.sdk/System/Library/Frameworks/Security.framework; sourceTree = DEVELOPER_DIR; };
		8262943D1AAF051F00CB7CF7 /* Security.framework */ = {isa = PBXFileReference; lastKnownFileType = wrapper.framework; name = Security.framework; path = System/Library/Frameworks/Security.framework; sourceTree = SDKROOT; };
		98024D381EC4834900C14726 /* MainMenuScene.cpp */ = {isa = PBXFileReference; fileEncoding = 4; lastKnownFileType = sourcecode.cpp.cpp; path = MainMenuScene.cpp; sourceTree = "<group>"; };
		98024D391EC4834900C14726 /* MainMenuScene.h */ = {isa = PBXFileReference; fileEncoding = 4; lastKnownFileType = sourcecode.c.h; path = MainMenuScene.h; sourceTree = "<group>"; };
		9815C9481C7B0B490018656C /* AnimationComponent.cpp */ = {isa = PBXFileReference; fileEncoding = 4; lastKnownFileType = sourcecode.cpp.cpp; path = AnimationComponent.cpp; sourceTree = "<group>"; };
		9815C9491C7B0B490018656C /* AnimationComponent.h */ = {isa = PBXFileReference; fileEncoding = 4; lastKnownFileType = sourcecode.c.h; path = AnimationComponent.h; sourceTree = "<group>"; };
		9815C9501C7B0B600018656C /* World.cpp */ = {isa = PBXFileReference; fileEncoding = 4; lastKnownFileType = sourcecode.cpp.cpp; path = World.cpp; sourceTree = "<group>"; };
		9815C9511C7B0B600018656C /* World.h */ = {isa = PBXFileReference; fileEncoding = 4; lastKnownFileType = sourcecode.c.h; path = World.h; sourceTree = "<group>"; };
		98220EB71E9CE28600171ECF /* Actor.cpp */ = {isa = PBXFileReference; fileEncoding = 4; lastKnownFileType = sourcecode.cpp.cpp; path = Actor.cpp; sourceTree = "<group>"; };
		98220EB81E9CE28600171ECF /* Actor.h */ = {isa = PBXFileReference; fileEncoding = 4; lastKnownFileType = sourcecode.c.h; path = Actor.h; sourceTree = "<group>"; };
		9823DE191E98CDA9003ACFE4 /* Swing.cpp */ = {isa = PBXFileReference; fileEncoding = 4; lastKnownFileType = sourcecode.cpp.cpp; path = Swing.cpp; sourceTree = "<group>"; };
		9823DE1A1E98CDA9003ACFE4 /* Swing.h */ = {isa = PBXFileReference; fileEncoding = 4; lastKnownFileType = sourcecode.c.h; path = Swing.h; sourceTree = "<group>"; };
		9825D87E1C80495700FD4133 /* AudioManager.cpp */ = {isa = PBXFileReference; fileEncoding = 4; lastKnownFileType = sourcecode.cpp.cpp; path = AudioManager.cpp; sourceTree = "<group>"; };
		9825D87F1C80495700FD4133 /* AudioManager.h */ = {isa = PBXFileReference; fileEncoding = 4; lastKnownFileType = sourcecode.c.h; path = AudioManager.h; sourceTree = "<group>"; };
		9825D8821C804B6400FD4133 /* audio */ = {isa = PBXFileReference; lastKnownFileType = folder; path = audio; sourceTree = "<group>"; };
		9825D8851C80889100FD4133 /* Coin.cpp */ = {isa = PBXFileReference; fileEncoding = 4; lastKnownFileType = sourcecode.cpp.cpp; path = Coin.cpp; sourceTree = "<group>"; };
		9825D8861C80889100FD4133 /* Coin.h */ = {isa = PBXFileReference; fileEncoding = 4; lastKnownFileType = sourcecode.c.h; path = Coin.h; sourceTree = "<group>"; };
		983CA8931E9BD686003E37E6 /* ClutterObject.cpp */ = {isa = PBXFileReference; fileEncoding = 4; lastKnownFileType = sourcecode.cpp.cpp; path = ClutterObject.cpp; sourceTree = "<group>"; };
		983CA8941E9BD686003E37E6 /* ClutterObject.h */ = {isa = PBXFileReference; fileEncoding = 4; lastKnownFileType = sourcecode.c.h; path = ClutterObject.h; sourceTree = "<group>"; };
		983CA8991E9BEFE9003E37E6 /* Background.cpp */ = {isa = PBXFileReference; fileEncoding = 4; lastKnownFileType = sourcecode.cpp.cpp; path = Background.cpp; sourceTree = "<group>"; };
		983CA89A1E9BEFE9003E37E6 /* Background.h */ = {isa = PBXFileReference; fileEncoding = 4; lastKnownFileType = sourcecode.c.h; path = Background.h; sourceTree = "<group>"; };
		9871147F1C748DAE0062FCA9 /* ClutterTile.cpp */ = {isa = PBXFileReference; fileEncoding = 4; lastKnownFileType = sourcecode.cpp.cpp; path = ClutterTile.cpp; sourceTree = "<group>"; };
		987114801C748DAE0062FCA9 /* ClutterTile.h */ = {isa = PBXFileReference; fileEncoding = 4; lastKnownFileType = sourcecode.c.h; path = ClutterTile.h; sourceTree = "<group>"; };
		987F4E701EA73D7900F1E305 /* ReaperGraveStone.cpp */ = {isa = PBXFileReference; fileEncoding = 4; lastKnownFileType = sourcecode.cpp.cpp; path = ReaperGraveStone.cpp; sourceTree = "<group>"; };
		987F4E711EA73D7900F1E305 /* ReaperGraveStone.h */ = {isa = PBXFileReference; fileEncoding = 4; lastKnownFileType = sourcecode.c.h; path = ReaperGraveStone.h; sourceTree = "<group>"; };
		98840D7E1E96BC1A005E1132 /* Utils.h */ = {isa = PBXFileReference; fileEncoding = 4; lastKnownFileType = sourcecode.c.h; path = Utils.h; sourceTree = "<group>"; };
		98840D8A1E96E013005E1132 /* shaders */ = {isa = PBXFileReference; lastKnownFileType = folder; path = shaders; sourceTree = "<group>"; };
		98916F8E1C7E0A2500D3D0EB /* FlashLayer.cpp */ = {isa = PBXFileReference; fileEncoding = 4; lastKnownFileType = sourcecode.cpp.cpp; path = FlashLayer.cpp; sourceTree = "<group>"; };
		98916F8F1C7E0A2500D3D0EB /* FlashLayer.h */ = {isa = PBXFileReference; fileEncoding = 4; lastKnownFileType = sourcecode.c.h; path = FlashLayer.h; sourceTree = "<group>"; };
		98AFABF81E9A36E000894AF2 /* Bat.cpp */ = {isa = PBXFileReference; fileEncoding = 4; lastKnownFileType = sourcecode.cpp.cpp; path = Bat.cpp; sourceTree = "<group>"; };
		98AFABF91E9A36E000894AF2 /* Bat.h */ = {isa = PBXFileReference; fileEncoding = 4; lastKnownFileType = sourcecode.c.h; path = Bat.h; sourceTree = "<group>"; };
		98AFABFC1E9A91D600894AF2 /* ExplosiveCrate.cpp */ = {isa = PBXFileReference; fileEncoding = 4; lastKnownFileType = sourcecode.cpp.cpp; path = ExplosiveCrate.cpp; sourceTree = "<group>"; };
		98AFABFD1E9A91D600894AF2 /* ExplosiveCrate.h */ = {isa = PBXFileReference; fileEncoding = 4; lastKnownFileType = sourcecode.c.h; path = ExplosiveCrate.h; sourceTree = "<group>"; };
		98DA830E1C7C8458006700AD /* Food.cpp */ = {isa = PBXFileReference; fileEncoding = 4; lastKnownFileType = sourcecode.cpp.cpp; path = Food.cpp; sourceTree = "<group>"; };
		98DA830F1C7C8458006700AD /* Food.h */ = {isa = PBXFileReference; fileEncoding = 4; lastKnownFileType = sourcecode.c.h; path = Food.h; sourceTree = "<group>"; };
		98E09D9E1EA9E1F300A23639 /* PlayerStats.h */ = {isa = PBXFileReference; fileEncoding = 4; lastKnownFileType = sourcecode.c.h; path = PlayerStats.h; sourceTree = "<group>"; };
		98E09DA21EA9E26500A23639 /* HealthBar.cpp */ = {isa = PBXFileReference; fileEncoding = 4; lastKnownFileType = sourcecode.cpp.cpp; path = HealthBar.cpp; sourceTree = "<group>"; };
		98E09DA31EA9E26500A23639 /* HealthBar.h */ = {isa = PBXFileReference; fileEncoding = 4; lastKnownFileType = sourcecode.c.h; path = HealthBar.h; sourceTree = "<group>"; };
		98E09DA61EA9E55E00A23639 /* PlayerStats.cpp */ = {isa = PBXFileReference; fileEncoding = 4; lastKnownFileType = sourcecode.cpp.cpp; path = PlayerStats.cpp; sourceTree = "<group>"; };
		BF170DB012928DE900B8313A /* OpenGLES.framework */ = {isa = PBXFileReference; lastKnownFileType = wrapper.framework; name = OpenGLES.framework; path = System/Library/Frameworks/OpenGLES.framework; sourceTree = SDKROOT; };
		BF170DB412928DE900B8313A /* libz.dylib */ = {isa = PBXFileReference; lastKnownFileType = "compiled.mach-o.dylib"; name = libz.dylib; path = usr/lib/libz.dylib; sourceTree = SDKROOT; };
		BF1C47EA1293683800B63C5D /* QuartzCore.framework */ = {isa = PBXFileReference; lastKnownFileType = wrapper.framework; name = QuartzCore.framework; path = System/Library/Frameworks/QuartzCore.framework; sourceTree = SDKROOT; };
		D44C620B132DFF330009C878 /* OpenAL.framework */ = {isa = PBXFileReference; lastKnownFileType = wrapper.framework; name = OpenAL.framework; path = System/Library/Frameworks/OpenAL.framework; sourceTree = SDKROOT; };
		D44C620D132DFF430009C878 /* AVFoundation.framework */ = {isa = PBXFileReference; lastKnownFileType = wrapper.framework; name = AVFoundation.framework; path = System/Library/Frameworks/AVFoundation.framework; sourceTree = SDKROOT; };
		D44C620F132DFF4E0009C878 /* AudioToolbox.framework */ = {isa = PBXFileReference; lastKnownFileType = wrapper.framework; name = AudioToolbox.framework; path = System/Library/Frameworks/AudioToolbox.framework; sourceTree = SDKROOT; };
		D6B0611A1803AB670077942B /* CoreMotion.framework */ = {isa = PBXFileReference; lastKnownFileType = wrapper.framework; name = CoreMotion.framework; path = Platforms/iPhoneOS.platform/Developer/SDKs/iPhoneOS7.0.sdk/System/Library/Frameworks/CoreMotion.framework; sourceTree = DEVELOPER_DIR; };
		ED545A7B1B68A1F400C3958E /* libiconv.dylib */ = {isa = PBXFileReference; lastKnownFileType = "compiled.mach-o.dylib"; name = libiconv.dylib; path = Platforms/iPhoneOS.platform/Developer/SDKs/iPhoneOS8.4.sdk/usr/lib/libiconv.dylib; sourceTree = DEVELOPER_DIR; };
		ED545A7D1B68A1FA00C3958E /* libiconv.dylib */ = {isa = PBXFileReference; lastKnownFileType = "compiled.mach-o.dylib"; name = libiconv.dylib; path = usr/lib/libiconv.dylib; sourceTree = SDKROOT; };
		F6200E8F1C6F19A700102152 /* GameScene.cpp */ = {isa = PBXFileReference; fileEncoding = 4; lastKnownFileType = sourcecode.cpp.cpp; path = GameScene.cpp; sourceTree = "<group>"; };
		F6200E901C6F19A700102152 /* GameScene.h */ = {isa = PBXFileReference; fileEncoding = 4; lastKnownFileType = sourcecode.c.h; path = GameScene.h; sourceTree = "<group>"; };
		F6200EA01C6F1C6F00102152 /* textures */ = {isa = PBXFileReference; lastKnownFileType = folder; path = textures; sourceTree = "<group>"; };
		F6200EA41C6F1CF700102152 /* Globals.h */ = {isa = PBXFileReference; fileEncoding = 4; lastKnownFileType = sourcecode.c.h; path = Globals.h; sourceTree = "<group>"; };
		F6200EAA1C6F1F1B00102152 /* MapHandler.cpp */ = {isa = PBXFileReference; fileEncoding = 4; lastKnownFileType = sourcecode.cpp.cpp; path = MapHandler.cpp; sourceTree = "<group>"; };
		F6200EAB1C6F1F1B00102152 /* MapHandler.h */ = {isa = PBXFileReference; fileEncoding = 4; lastKnownFileType = sourcecode.c.h; path = MapHandler.h; sourceTree = "<group>"; };
		F620158E1EA4A8D600350031 /* Soul.cpp */ = {isa = PBXFileReference; fileEncoding = 4; lastKnownFileType = sourcecode.cpp.cpp; path = Soul.cpp; sourceTree = "<group>"; };
		F620158F1EA4A8D600350031 /* Soul.h */ = {isa = PBXFileReference; fileEncoding = 4; lastKnownFileType = sourcecode.c.h; path = Soul.h; sourceTree = "<group>"; };
		F6235F2E1C6F30AF00D9DDC6 /* level01.txt */ = {isa = PBXFileReference; fileEncoding = 4; lastKnownFileType = text; path = level01.txt; sourceTree = "<group>"; };
		F6235F311C6F38FB00D9DDC6 /* Player.cpp */ = {isa = PBXFileReference; fileEncoding = 4; lastKnownFileType = sourcecode.cpp.cpp; path = Player.cpp; sourceTree = "<group>"; };
		F6235F321C6F38FB00D9DDC6 /* Player.h */ = {isa = PBXFileReference; fileEncoding = 4; lastKnownFileType = sourcecode.c.h; path = Player.h; sourceTree = "<group>"; };
		F6502F5C1C81CE3300920211 /* Pickup.cpp */ = {isa = PBXFileReference; fileEncoding = 4; lastKnownFileType = sourcecode.cpp.cpp; path = Pickup.cpp; sourceTree = "<group>"; };
		F6502F5D1C81CE3300920211 /* Pickup.h */ = {isa = PBXFileReference; fileEncoding = 4; lastKnownFileType = sourcecode.c.h; path = Pickup.h; sourceTree = "<group>"; };
		F6502F621C81E28100920211 /* Spike.cpp */ = {isa = PBXFileReference; fileEncoding = 4; lastKnownFileType = sourcecode.cpp.cpp; path = Spike.cpp; sourceTree = "<group>"; };
		F6502F631C81E28100920211 /* Spike.h */ = {isa = PBXFileReference; fileEncoding = 4; lastKnownFileType = sourcecode.c.h; path = Spike.h; sourceTree = "<group>"; };
		F675F6841C710C8900CC04E3 /* SimpleParticle.cpp */ = {isa = PBXFileReference; fileEncoding = 4; lastKnownFileType = sourcecode.cpp.cpp; path = SimpleParticle.cpp; sourceTree = "<group>"; };
		F675F6851C710C8900CC04E3 /* SimpleParticle.h */ = {isa = PBXFileReference; fileEncoding = 4; lastKnownFileType = sourcecode.c.h; path = SimpleParticle.h; sourceTree = "<group>"; };
		F67D08E31EA0177E00380582 /* GraveStone.cpp */ = {isa = PBXFileReference; fileEncoding = 4; lastKnownFileType = sourcecode.cpp.cpp; path = GraveStone.cpp; sourceTree = "<group>"; };
		F67D08E41EA0177E00380582 /* GraveStone.h */ = {isa = PBXFileReference; fileEncoding = 4; lastKnownFileType = sourcecode.c.h; path = GraveStone.h; sourceTree = "<group>"; };
/* End PBXFileReference section */

/* Begin PBXFrameworksBuildPhase section */
		1D60588F0D05DD3D006BFB54 /* Frameworks */ = {
			isa = PBXFrameworksBuildPhase;
			buildActionMask = 2147483647;
			files = (
				ED545A7C1B68A1F400C3958E /* libiconv.dylib in Frameworks */,
				52B47A471A53D09C004E4C60 /* Security.framework in Frameworks */,
				1AC6FB30180E99EB004C840B /* libcocos2d iOS.a in Frameworks */,
				D6B0611B1803AB670077942B /* CoreMotion.framework in Frameworks */,
				1D60589F0D05DD5A006BFB54 /* Foundation.framework in Frameworks */,
				1DF5F4E00D08C38300B7A737 /* UIKit.framework in Frameworks */,
				288765A50DF7441C002DB57D /* CoreGraphics.framework in Frameworks */,
				BF171245129291EC00B8313A /* OpenGLES.framework in Frameworks */,
				BF1712471292920000B8313A /* libz.dylib in Frameworks */,
				BF1C47F01293687400B63C5D /* QuartzCore.framework in Frameworks */,
				D44C620C132DFF330009C878 /* OpenAL.framework in Frameworks */,
				D44C620E132DFF430009C878 /* AVFoundation.framework in Frameworks */,
				D44C6210132DFF4E0009C878 /* AudioToolbox.framework in Frameworks */,
			);
			runOnlyForDeploymentPostprocessing = 0;
		};
		5087E75C17EB910900C73F5D /* Frameworks */ = {
			isa = PBXFrameworksBuildPhase;
			buildActionMask = 2147483647;
			files = (
				ED545A7E1B68A1FA00C3958E /* libiconv.dylib in Frameworks */,
				1AC6FB21180E996B004C840B /* libcocos2d Mac.a in Frameworks */,
				5087E76717EB910900C73F5D /* libz.dylib in Frameworks */,
				8262943E1AAF051F00CB7CF7 /* Security.framework in Frameworks */,
				503AE11B17EB9C5A00D1A890 /* IOKit.framework in Frameworks */,
				5087E78B17EB975400C73F5D /* OpenGL.framework in Frameworks */,
				5087E78917EB974C00C73F5D /* AppKit.framework in Frameworks */,
				5087E76317EB910900C73F5D /* Foundation.framework in Frameworks */,
				5087E76817EB910900C73F5D /* QuartzCore.framework in Frameworks */,
				5087E76917EB910900C73F5D /* OpenAL.framework in Frameworks */,
				5087E76A17EB910900C73F5D /* AVFoundation.framework in Frameworks */,
				5087E76B17EB910900C73F5D /* AudioToolbox.framework in Frameworks */,
			);
			runOnlyForDeploymentPostprocessing = 0;
		};
/* End PBXFrameworksBuildPhase section */

/* Begin PBXGroup section */
		080E96DDFE201D6D7F000001 /* ios */ = {
			isa = PBXGroup;
			children = (
				5087E77117EB970100C73F5D /* Icons */,
				503AE0FA17EB989F00D1A890 /* AppController.h */,
				503AE0FB17EB989F00D1A890 /* AppController.mm */,
				503AE0FC17EB989F00D1A890 /* main.m */,
				503AE0FD17EB989F00D1A890 /* Prefix.pch */,
				503AE0FE17EB989F00D1A890 /* RootViewController.h */,
				503AE0FF17EB989F00D1A890 /* RootViewController.mm */,
			);
			name = ios;
			path = Classes;
			sourceTree = "<group>";
		};
		19C28FACFE9D520D11CA2CBB /* Products */ = {
			isa = PBXGroup;
			children = (
				1D6058910D05DD3D006BFB54 /* MagicTowerProject-mobile.app */,
				5087E76F17EB910900C73F5D /* MagicTowerProject-desktop.app */,
			);
			name = Products;
			sourceTree = "<group>";
		};
		1AC6FAE6180E9839004C840B /* Products */ = {
			isa = PBXGroup;
			children = (
				1AC6FAF9180E9839004C840B /* libcocos2d Mac.a */,
				1AC6FB07180E9839004C840B /* libcocos2d iOS.a */,
			);
			name = Products;
			sourceTree = "<group>";
		};
		29B97314FDCFA39411CA2CEA /* CustomTemplate */ = {
			isa = PBXGroup;
			children = (
				46880B8319C43A87006E1F66 /* Classes */,
				46880B7519C43A67006E1F66 /* Resources */,
				1AC6FAE5180E9839004C840B /* cocos2d_libs.xcodeproj */,
				29B97323FDCFA39411CA2CEA /* Frameworks */,
				080E96DDFE201D6D7F000001 /* ios */,
				503AE10617EB990700D1A890 /* mac */,
				19C28FACFE9D520D11CA2CBB /* Products */,
			);
			name = CustomTemplate;
			sourceTree = "<group>";
		};
		29B97323FDCFA39411CA2CEA /* Frameworks */ = {
			isa = PBXGroup;
			children = (
				ED545A7D1B68A1FA00C3958E /* libiconv.dylib */,
				ED545A7B1B68A1F400C3958E /* libiconv.dylib */,
				8262943D1AAF051F00CB7CF7 /* Security.framework */,
				52B47A461A53D09B004E4C60 /* Security.framework */,
				D6B0611A1803AB670077942B /* CoreMotion.framework */,
				503AE11A17EB9C5A00D1A890 /* IOKit.framework */,
				503AE11117EB99EE00D1A890 /* libcurl.dylib */,
				5087E78A17EB975400C73F5D /* OpenGL.framework */,
				5087E78817EB974C00C73F5D /* AppKit.framework */,
				1ACB3243164770DE00914215 /* libcurl.a */,
				BF170DB412928DE900B8313A /* libz.dylib */,
				D44C620F132DFF4E0009C878 /* AudioToolbox.framework */,
				D44C620D132DFF430009C878 /* AVFoundation.framework */,
				288765A40DF7441C002DB57D /* CoreGraphics.framework */,
				1D30AB110D05D00D00671497 /* Foundation.framework */,
				D44C620B132DFF330009C878 /* OpenAL.framework */,
				BF170DB012928DE900B8313A /* OpenGLES.framework */,
				BF1C47EA1293683800B63C5D /* QuartzCore.framework */,
				1DF5F4DF0D08C38300B7A737 /* UIKit.framework */,
			);
			name = Frameworks;
			sourceTree = "<group>";
		};
		46880B7519C43A67006E1F66 /* Resources */ = {
			isa = PBXGroup;
			children = (
				98840D8A1E96E013005E1132 /* shaders */,
				9825D8821C804B6400FD4133 /* audio */,
				F6235F2E1C6F30AF00D9DDC6 /* level01.txt */,
				F6200EA01C6F1C6F00102152 /* textures */,
				521A8EA819F11F5000D177D7 /* fonts */,
				3EACC98E19EE6D4300EB3C5E /* res */,
			);
			name = Resources;
			path = ../Resources;
			sourceTree = "<group>";
		};
		46880B8319C43A87006E1F66 /* Classes */ = {
			isa = PBXGroup;
			children = (
				98E09DA11EA9E25B00A23639 /* ui */,
				983CA8981E9BEFBF003E37E6 /* misc */,
				9815C9461C7B0B490018656C /* candypunk */,
				F6200EA91C6F1F1000102152 /* handlers */,
				F6200EA81C6F1EFD00102152 /* objects */,
				F6200E8E1C6F19A700102152 /* scenes */,
				46880B8419C43A87006E1F66 /* AppDelegate.cpp */,
				46880B8519C43A87006E1F66 /* AppDelegate.h */,
				F6200EA41C6F1CF700102152 /* Globals.h */,
				98E09D9E1EA9E1F300A23639 /* PlayerStats.h */,
				98E09DA61EA9E55E00A23639 /* PlayerStats.cpp */,
			);
			name = Classes;
			path = ../Classes;
			sourceTree = "<group>";
		};
		503AE0F517EB97AB00D1A890 /* Icons */ = {
			isa = PBXGroup;
			children = (
				503AE0F617EB97AB00D1A890 /* Icon.icns */,
				503AE0F717EB97AB00D1A890 /* Info.plist */,
			);
			name = Icons;
			path = mac;
			sourceTree = SOURCE_ROOT;
		};
		503AE10617EB990700D1A890 /* mac */ = {
			isa = PBXGroup;
			children = (
				503AE0F517EB97AB00D1A890 /* Icons */,
				503AE10317EB98FF00D1A890 /* main.cpp */,
				503AE10417EB98FF00D1A890 /* Prefix.pch */,
			);
			name = mac;
			sourceTree = "<group>";
		};
		5087E77117EB970100C73F5D /* Icons */ = {
			isa = PBXGroup;
			children = (
				521A8E6219F0C34300D177D7 /* Default-667h@2x.png */,
				521A8E6319F0C34300D177D7 /* Default-736h@3x.png */,
				5087E77217EB970100C73F5D /* Default-568h@2x.png */,
				5087E77317EB970100C73F5D /* Default.png */,
				5087E77417EB970100C73F5D /* Default@2x.png */,
				50EF62A017ECD613001EB2F8 /* Icon-29.png */,
				50EF62A117ECD613001EB2F8 /* Icon-50.png */,
				50EF629217ECD46A001EB2F8 /* Icon-40.png */,
				50EF629317ECD46A001EB2F8 /* Icon-58.png */,
				50EF629417ECD46A001EB2F8 /* Icon-80.png */,
				50EF629517ECD46A001EB2F8 /* Icon-100.png */,
				5087E77517EB970100C73F5D /* Icon-114.png */,
				5087E77617EB970100C73F5D /* Icon-120.png */,
				5087E77717EB970100C73F5D /* Icon-144.png */,
				5087E77817EB970100C73F5D /* Icon-152.png */,
				5087E77917EB970100C73F5D /* Icon-57.png */,
				5087E77A17EB970100C73F5D /* Icon-72.png */,
				5087E77B17EB970100C73F5D /* Icon-76.png */,
				5087E77C17EB970100C73F5D /* Info.plist */,
			);
			name = Icons;
			path = ios;
			sourceTree = SOURCE_ROOT;
		};
		9815C9461C7B0B490018656C /* candypunk */ = {
			isa = PBXGroup;
			children = (
				98220EB61E9CE28600171ECF /* objects */,
				98840D7D1E96BC1A005E1132 /* utility */,
				9815C9471C7B0B490018656C /* components */,
				9815C9501C7B0B600018656C /* World.cpp */,
				9815C9511C7B0B600018656C /* World.h */,
			);
			path = candypunk;
			sourceTree = "<group>";
		};
		9815C9471C7B0B490018656C /* components */ = {
			isa = PBXGroup;
			children = (
				9815C9481C7B0B490018656C /* AnimationComponent.cpp */,
				9815C9491C7B0B490018656C /* AnimationComponent.h */,
			);
			path = components;
			sourceTree = "<group>";
		};
		98220EB61E9CE28600171ECF /* objects */ = {
			isa = PBXGroup;
			children = (
				98220EB71E9CE28600171ECF /* Actor.cpp */,
				98220EB81E9CE28600171ECF /* Actor.h */,
			);
			path = objects;
			sourceTree = "<group>";
		};
		983CA8981E9BEFBF003E37E6 /* misc */ = {
			isa = PBXGroup;
			children = (
				983CA8991E9BEFE9003E37E6 /* Background.cpp */,
				983CA89A1E9BEFE9003E37E6 /* Background.h */,
			);
			name = misc;
			path = Misc;
			sourceTree = "<group>";
		};
		987F4E6F1EA73D7000F1E305 /* misc */ = {
			isa = PBXGroup;
			children = (
				987F4E701EA73D7900F1E305 /* ReaperGraveStone.cpp */,
				987F4E711EA73D7900F1E305 /* ReaperGraveStone.h */,
			);
			path = misc;
			sourceTree = "<group>";
		};
		98840D7D1E96BC1A005E1132 /* utility */ = {
			isa = PBXGroup;
			children = (
				98840D7E1E96BC1A005E1132 /* Utils.h */,
			);
			path = utility;
			sourceTree = "<group>";
		};
		98AFABF71E9A36D500894AF2 /* enemys */ = {
			isa = PBXGroup;
			children = (
				98AFABF81E9A36E000894AF2 /* Bat.cpp */,
				98AFABF91E9A36E000894AF2 /* Bat.h */,
			);
			path = enemys;
			sourceTree = "<group>";
		};
		98E09DA11EA9E25B00A23639 /* ui */ = {
			isa = PBXGroup;
			children = (
				98E09DA21EA9E26500A23639 /* HealthBar.cpp */,
				98E09DA31EA9E26500A23639 /* HealthBar.h */,
			);
			path = ui;
			sourceTree = "<group>";
		};
		F6200E8E1C6F19A700102152 /* scenes */ = {
			isa = PBXGroup;
			children = (
				F6200E8F1C6F19A700102152 /* GameScene.cpp */,
				F6200E901C6F19A700102152 /* GameScene.h */,
				98024D381EC4834900C14726 /* MainMenuScene.cpp */,
				98024D391EC4834900C14726 /* MainMenuScene.h */,
			);
			path = scenes;
			sourceTree = "<group>";
		};
		F6200EA81C6F1EFD00102152 /* objects */ = {
			isa = PBXGroup;
			children = (
				987F4E6F1EA73D7000F1E305 /* misc */,
				98AFABF71E9A36D500894AF2 /* enemys */,
				F6502F611C81E27800920211 /* traps */,
				F6235F311C6F38FB00D9DDC6 /* Player.cpp */,
				F6235F321C6F38FB00D9DDC6 /* Player.h */,
				F675F6841C710C8900CC04E3 /* SimpleParticle.cpp */,
				F675F6851C710C8900CC04E3 /* SimpleParticle.h */,
				9871147F1C748DAE0062FCA9 /* ClutterTile.cpp */,
				987114801C748DAE0062FCA9 /* ClutterTile.h */,
				98DA830E1C7C8458006700AD /* Food.cpp */,
				98DA830F1C7C8458006700AD /* Food.h */,
				98916F8E1C7E0A2500D3D0EB /* FlashLayer.cpp */,
				98916F8F1C7E0A2500D3D0EB /* FlashLayer.h */,
				9825D8851C80889100FD4133 /* Coin.cpp */,
				9825D8861C80889100FD4133 /* Coin.h */,
				F6502F5C1C81CE3300920211 /* Pickup.cpp */,
				F6502F5D1C81CE3300920211 /* Pickup.h */,
				983CA8931E9BD686003E37E6 /* ClutterObject.cpp */,
				983CA8941E9BD686003E37E6 /* ClutterObject.h */,
				F67D08E31EA0177E00380582 /* GraveStone.cpp */,
				F67D08E41EA0177E00380582 /* GraveStone.h */,
				F620158E1EA4A8D600350031 /* Soul.cpp */,
				F620158F1EA4A8D600350031 /* Soul.h */,
			);
			path = objects;
			sourceTree = "<group>";
		};
		F6200EA91C6F1F1000102152 /* handlers */ = {
			isa = PBXGroup;
			children = (
				9825D87E1C80495700FD4133 /* AudioManager.cpp */,
				9825D87F1C80495700FD4133 /* AudioManager.h */,
				F6200EAA1C6F1F1B00102152 /* MapHandler.cpp */,
				F6200EAB1C6F1F1B00102152 /* MapHandler.h */,
			);
			path = handlers;
			sourceTree = "<group>";
		};
		F6502F611C81E27800920211 /* traps */ = {
			isa = PBXGroup;
			children = (
				F6502F621C81E28100920211 /* Spike.cpp */,
				F6502F631C81E28100920211 /* Spike.h */,
				9823DE191E98CDA9003ACFE4 /* Swing.cpp */,
				9823DE1A1E98CDA9003ACFE4 /* Swing.h */,
				98AFABFC1E9A91D600894AF2 /* ExplosiveCrate.cpp */,
				98AFABFD1E9A91D600894AF2 /* ExplosiveCrate.h */,
			);
			path = traps;
			sourceTree = "<group>";
		};
/* End PBXGroup section */

/* Begin PBXNativeTarget section */
		1D6058900D05DD3D006BFB54 /* MagicTowerProject-mobile */ = {
			isa = PBXNativeTarget;
			buildConfigurationList = 1D6058960D05DD3E006BFB54 /* Build configuration list for PBXNativeTarget "MagicTowerProject-mobile" */;
			buildPhases = (
				1D60588D0D05DD3D006BFB54 /* Resources */,
				1D60588E0D05DD3D006BFB54 /* Sources */,
				1D60588F0D05DD3D006BFB54 /* Frameworks */,
			);
			buildRules = (
			);
			dependencies = (
				1AC6FB25180E99E1004C840B /* PBXTargetDependency */,
			);
			name = "MagicTowerProject-mobile";
			productName = iphone;
			productReference = 1D6058910D05DD3D006BFB54 /* MagicTowerProject-mobile.app */;
			productType = "com.apple.product-type.application";
		};
		5087E73D17EB910900C73F5D /* MagicTowerProject-desktop */ = {
			isa = PBXNativeTarget;
			buildConfigurationList = 5087E76C17EB910900C73F5D /* Build configuration list for PBXNativeTarget "MagicTowerProject-desktop" */;
			buildPhases = (
				5087E74817EB910900C73F5D /* Resources */,
				5087E75617EB910900C73F5D /* Sources */,
				5087E75C17EB910900C73F5D /* Frameworks */,
			);
			buildRules = (
			);
			dependencies = (
				1AC6FB16180E9959004C840B /* PBXTargetDependency */,
			);
			name = "MagicTowerProject-desktop";
			productName = iphone;
			productReference = 5087E76F17EB910900C73F5D /* MagicTowerProject-desktop.app */;
			productType = "com.apple.product-type.application";
		};
/* End PBXNativeTarget section */

/* Begin PBXProject section */
		29B97313FDCFA39411CA2CEA /* Project object */ = {
			isa = PBXProject;
			attributes = {
				LastUpgradeCheck = 0500;
				TargetAttributes = {
					1D6058900D05DD3D006BFB54 = {
						DevelopmentTeam = 4SBLL78RX9;
					};
				};
			};
			buildConfigurationList = C01FCF4E08A954540054247B /* Build configuration list for PBXProject "MagicTowerProject" */;
			compatibilityVersion = "Xcode 3.2";
			developmentRegion = English;
			hasScannedForEncodings = 1;
			knownRegions = (
				English,
				Japanese,
				French,
				German,
			);
			mainGroup = 29B97314FDCFA39411CA2CEA /* CustomTemplate */;
			projectDirPath = "";
			projectReferences = (
				{
					ProductGroup = 1AC6FAE6180E9839004C840B /* Products */;
					ProjectRef = 1AC6FAE5180E9839004C840B /* cocos2d_libs.xcodeproj */;
				},
			);
			projectRoot = "";
			targets = (
				1D6058900D05DD3D006BFB54 /* MagicTowerProject-mobile */,
				5087E73D17EB910900C73F5D /* MagicTowerProject-desktop */,
			);
		};
/* End PBXProject section */

/* Begin PBXReferenceProxy section */
		1AC6FAF9180E9839004C840B /* libcocos2d Mac.a */ = {
			isa = PBXReferenceProxy;
			fileType = archive.ar;
			path = "libcocos2d Mac.a";
			remoteRef = 1AC6FAF8180E9839004C840B /* PBXContainerItemProxy */;
			sourceTree = BUILT_PRODUCTS_DIR;
		};
		1AC6FB07180E9839004C840B /* libcocos2d iOS.a */ = {
			isa = PBXReferenceProxy;
			fileType = archive.ar;
			path = "libcocos2d iOS.a";
			remoteRef = 1AC6FB06180E9839004C840B /* PBXContainerItemProxy */;
			sourceTree = BUILT_PRODUCTS_DIR;
		};
/* End PBXReferenceProxy section */

/* Begin PBXResourcesBuildPhase section */
		1D60588D0D05DD3D006BFB54 /* Resources */ = {
			isa = PBXResourcesBuildPhase;
			buildActionMask = 2147483647;
			files = (
				5087E78117EB970100C73F5D /* Icon-120.png in Resources */,
				5087E78617EB970100C73F5D /* Icon-76.png in Resources */,
				5087E77F17EB970100C73F5D /* Default@2x.png in Resources */,
				50EF629917ECD46A001EB2F8 /* Icon-100.png in Resources */,
				5087E78317EB970100C73F5D /* Icon-152.png in Resources */,
				5087E77D17EB970100C73F5D /* Default-568h@2x.png in Resources */,
				5087E78517EB970100C73F5D /* Icon-72.png in Resources */,
				521A8E6519F0C34300D177D7 /* Default-736h@3x.png in Resources */,
				521A8EA919F11F5000D177D7 /* fonts in Resources */,
				50EF62A317ECD613001EB2F8 /* Icon-50.png in Resources */,
				5087E78017EB970100C73F5D /* Icon-114.png in Resources */,
				50EF62A217ECD613001EB2F8 /* Icon-29.png in Resources */,
				50EF629617ECD46A001EB2F8 /* Icon-40.png in Resources */,
				5087E78217EB970100C73F5D /* Icon-144.png in Resources */,
				3EACC98F19EE6D4300EB3C5E /* res in Resources */,
				50EF629817ECD46A001EB2F8 /* Icon-80.png in Resources */,
				5087E78417EB970100C73F5D /* Icon-57.png in Resources */,
				F6235F2F1C6F30AF00D9DDC6 /* level01.txt in Resources */,
				5087E77E17EB970100C73F5D /* Default.png in Resources */,
				F6200EA11C6F1C6F00102152 /* textures in Resources */,
				521A8E6419F0C34300D177D7 /* Default-667h@2x.png in Resources */,
				98840D8B1E96E013005E1132 /* shaders in Resources */,
				50EF629717ECD46A001EB2F8 /* Icon-58.png in Resources */,
				9825D8831C804B6400FD4133 /* audio in Resources */,
			);
			runOnlyForDeploymentPostprocessing = 0;
		};
		5087E74817EB910900C73F5D /* Resources */ = {
			isa = PBXResourcesBuildPhase;
			buildActionMask = 2147483647;
			files = (
				F6200EA21C6F1C6F00102152 /* textures in Resources */,
				F6235F301C6F30AF00D9DDC6 /* level01.txt in Resources */,
				9825D8841C804B6400FD4133 /* audio in Resources */,
				503AE0F817EB97AB00D1A890 /* Icon.icns in Resources */,
				3EACC99019EE6D4300EB3C5E /* res in Resources */,
				98840D8C1E96E013005E1132 /* shaders in Resources */,
				521A8EAA19F11F5000D177D7 /* fonts in Resources */,
			);
			runOnlyForDeploymentPostprocessing = 0;
		};
/* End PBXResourcesBuildPhase section */

/* Begin PBXSourcesBuildPhase section */
		1D60588E0D05DD3D006BFB54 /* Sources */ = {
			isa = PBXSourcesBuildPhase;
			buildActionMask = 2147483647;
			files = (
				9825D8801C80495700FD4133 /* AudioManager.cpp in Sources */,
				98E09DA41EA9E26500A23639 /* HealthBar.cpp in Sources */,
				98024D3A1EC4834900C14726 /* MainMenuScene.cpp in Sources */,
				98AFABFE1E9A91D600894AF2 /* ExplosiveCrate.cpp in Sources */,
				F6200E911C6F19A700102152 /* GameScene.cpp in Sources */,
				F675F6861C710C8900CC04E3 /* SimpleParticle.cpp in Sources */,
				983CA8951E9BD686003E37E6 /* ClutterObject.cpp in Sources */,
				9815C9521C7B0B600018656C /* World.cpp in Sources */,
				F6235F331C6F38FB00D9DDC6 /* Player.cpp in Sources */,
				98916F901C7E0A2500D3D0EB /* FlashLayer.cpp in Sources */,
				46880B8819C43A87006E1F66 /* AppDelegate.cpp in Sources */,
				F62015901EA4A8D600350031 /* Soul.cpp in Sources */,
				F6502F5E1C81CE3300920211 /* Pickup.cpp in Sources */,
				98E09DA81EA9E55E00A23639 /* PlayerStats.cpp in Sources */,
				9823DE1B1E98CDA9003ACFE4 /* Swing.cpp in Sources */,
				9815C94C1C7B0B490018656C /* AnimationComponent.cpp in Sources */,
				503AE10017EB989F00D1A890 /* AppController.mm in Sources */,
				98AFABFA1E9A36E000894AF2 /* Bat.cpp in Sources */,
				9825D8871C80889100FD4133 /* Coin.cpp in Sources */,
				503AE10217EB989F00D1A890 /* RootViewController.mm in Sources */,
				987F4E721EA73D7900F1E305 /* ReaperGraveStone.cpp in Sources */,
				503AE10117EB989F00D1A890 /* main.m in Sources */,
				98DA83101C7C8458006700AD /* Food.cpp in Sources */,
				987114811C748DAE0062FCA9 /* ClutterTile.cpp in Sources */,
				F67D08E51EA0177E00380582 /* GraveStone.cpp in Sources */,
				98220EB91E9CE28600171ECF /* Actor.cpp in Sources */,
				F6502F641C81E28100920211 /* Spike.cpp in Sources */,
				F6200EAC1C6F1F1B00102152 /* MapHandler.cpp in Sources */,
				983CA89B1E9BEFE9003E37E6 /* Background.cpp in Sources */,
			);
			runOnlyForDeploymentPostprocessing = 0;
		};
		5087E75617EB910900C73F5D /* Sources */ = {
			isa = PBXSourcesBuildPhase;
			buildActionMask = 2147483647;
			files = (
				98220EBA1E9CE28600171ECF /* Actor.cpp in Sources */,
				98024D3B1EC4834900C14726 /* MainMenuScene.cpp in Sources */,
				987114821C748DAE0062FCA9 /* ClutterTile.cpp in Sources */,
				46880B8919C43A87006E1F66 /* AppDelegate.cpp in Sources */,
				9823DE1C1E98CDA9003ACFE4 /* Swing.cpp in Sources */,
				F6502F651C81E28100920211 /* Spike.cpp in Sources */,
				F6200EAD1C6F1F1B00102152 /* MapHandler.cpp in Sources */,
				F6200E921C6F19A700102152 /* GameScene.cpp in Sources */,
				983CA8961E9BD686003E37E6 /* ClutterObject.cpp in Sources */,
				983CA89C1E9BEFE9003E37E6 /* Background.cpp in Sources */,
				503AE10517EB98FF00D1A890 /* main.cpp in Sources */,
				9815C9531C7B0B600018656C /* World.cpp in Sources */,
				F62015911EA4A8D600350031 /* Soul.cpp in Sources */,
				9825D8811C80495700FD4133 /* AudioManager.cpp in Sources */,
				987F4E731EA73D7900F1E305 /* ReaperGraveStone.cpp in Sources */,
				98E09DA91EA9E55E00A23639 /* PlayerStats.cpp in Sources */,
				98AFABFB1E9A36E000894AF2 /* Bat.cpp in Sources */,
				9815C94D1C7B0B490018656C /* AnimationComponent.cpp in Sources */,
				9825D8881C80889100FD4133 /* Coin.cpp in Sources */,
				F6235F341C6F38FB00D9DDC6 /* Player.cpp in Sources */,
				98E09DA51EA9E26500A23639 /* HealthBar.cpp in Sources */,
				98916F911C7E0A2500D3D0EB /* FlashLayer.cpp in Sources */,
				F675F6871C710C8900CC04E3 /* SimpleParticle.cpp in Sources */,
				98DA83111C7C8458006700AD /* Food.cpp in Sources */,
				F6502F5F1C81CE3300920211 /* Pickup.cpp in Sources */,
				98AFABFF1E9A91D600894AF2 /* ExplosiveCrate.cpp in Sources */,
				F67D08E61EA0177E00380582 /* GraveStone.cpp in Sources */,
			);
			runOnlyForDeploymentPostprocessing = 0;
		};
/* End PBXSourcesBuildPhase section */

/* Begin PBXTargetDependency section */
		1AC6FB16180E9959004C840B /* PBXTargetDependency */ = {
			isa = PBXTargetDependency;
			name = "cocos2dx Mac";
			targetProxy = 1AC6FB15180E9959004C840B /* PBXContainerItemProxy */;
		};
		1AC6FB25180E99E1004C840B /* PBXTargetDependency */ = {
			isa = PBXTargetDependency;
			name = "cocos2dx iOS";
			targetProxy = 1AC6FB24180E99E1004C840B /* PBXContainerItemProxy */;
		};
/* End PBXTargetDependency section */

/* Begin XCBuildConfiguration section */
		1D6058940D05DD3E006BFB54 /* Debug */ = {
			isa = XCBuildConfiguration;
			buildSettings = {
				ALWAYS_SEARCH_USER_PATHS = YES;
				CODE_SIGN_IDENTITY = "iPhone Developer";
				"CODE_SIGN_IDENTITY[sdk=iphoneos*]" = "iPhone Developer";
				COMPRESS_PNG_FILES = NO;
				DEVELOPMENT_TEAM = 4SBLL78RX9;
				ENABLE_BITCODE = NO;
				GCC_DYNAMIC_NO_PIC = NO;
				GCC_INLINES_ARE_PRIVATE_EXTERN = NO;
				GCC_PRECOMPILE_PREFIX_HEADER = YES;
				GCC_PREFIX_HEADER = ios/Prefix.pch;
				GCC_PREPROCESSOR_DEFINITIONS = (
					USE_FILE32API,
					CC_TARGET_OS_IPHONE,
					"COCOS2D_DEBUG=1",
					"CC_ENABLE_CHIPMUNK_INTEGRATION=1",
				);
				GCC_SYMBOLS_PRIVATE_EXTERN = NO;
				HEADER_SEARCH_PATHS = (
					"$(inherited)",
					"$(SRCROOT)/../cocos2d/cocos/platform/ios",
					"$(SRCROOT)/../cocos2d/cocos/platform/ios/Simulation",
				);
				INFOPLIST_FILE = ios/Info.plist;
				IPHONEOS_DEPLOYMENT_TARGET = 6.0;
				LIBRARY_SEARCH_PATHS = "";
				OTHER_LDFLAGS = (
					"$(_COCOS_LIB_IOS_BEGIN)",
					"$(_COCOS_LIB_IOS_END)",
				);
				PRODUCT_BUNDLE_IDENTIFIER = com.appcandy.test123;
				PROVISIONING_PROFILE = "";
				SDKROOT = iphoneos;
				TARGETED_DEVICE_FAMILY = "1,2";
				USER_HEADER_SEARCH_PATHS = "$(_COCOS_HEADER_IOS_BEGIN) $(_COCOS_HEADER_IOS_END)";
				VALID_ARCHS = "arm64 armv7";
			};
			name = Debug;
		};
		1D6058950D05DD3E006BFB54 /* Release */ = {
			isa = XCBuildConfiguration;
			buildSettings = {
				ALWAYS_SEARCH_USER_PATHS = YES;
				CODE_SIGN_IDENTITY = "iPhone Developer";
				"CODE_SIGN_IDENTITY[sdk=iphoneos*]" = "iPhone Developer";
				COMPRESS_PNG_FILES = NO;
				DEVELOPMENT_TEAM = 4SBLL78RX9;
				ENABLE_BITCODE = NO;
				GCC_INLINES_ARE_PRIVATE_EXTERN = NO;
				GCC_PRECOMPILE_PREFIX_HEADER = YES;
				GCC_PREFIX_HEADER = ios/Prefix.pch;
				GCC_PREPROCESSOR_DEFINITIONS = (
					USE_FILE32API,
					CC_TARGET_OS_IPHONE,
					"CC_ENABLE_CHIPMUNK_INTEGRATION=1",
				);
				GCC_SYMBOLS_PRIVATE_EXTERN = NO;
				HEADER_SEARCH_PATHS = (
					"$(inherited)",
					"$(SRCROOT)/../cocos2d/cocos/platform/ios",
					"$(SRCROOT)/../cocos2d/cocos/platform/ios/Simulation",
				);
				INFOPLIST_FILE = ios/Info.plist;
				IPHONEOS_DEPLOYMENT_TARGET = 6.0;
				LIBRARY_SEARCH_PATHS = "";
				OTHER_LDFLAGS = (
					"$(_COCOS_LIB_IOS_BEGIN)",
					"$(_COCOS_LIB_IOS_END)",
				);
				PRODUCT_BUNDLE_IDENTIFIER = com.appcandy.test123;
				PROVISIONING_PROFILE = "";
				SDKROOT = iphoneos;
				TARGETED_DEVICE_FAMILY = "1,2";
				USER_HEADER_SEARCH_PATHS = "$(_COCOS_HEADER_IOS_BEGIN) $(_COCOS_HEADER_IOS_END)";
				VALID_ARCHS = "arm64 armv7";
			};
			name = Release;
		};
		5087E76D17EB910900C73F5D /* Debug */ = {
			isa = XCBuildConfiguration;
			buildSettings = {
				ALWAYS_SEARCH_USER_PATHS = YES;
				ARCHS = "$(ARCHS_STANDARD_64_BIT)";
				CLANG_CXX_LANGUAGE_STANDARD = "c++0x";
				CLANG_CXX_LIBRARY = "libc++";
				GCC_DYNAMIC_NO_PIC = NO;
				GCC_INLINES_ARE_PRIVATE_EXTERN = NO;
				GCC_PRECOMPILE_PREFIX_HEADER = YES;
				GCC_PREFIX_HEADER = mac/Prefix.pch;
				GCC_PREPROCESSOR_DEFINITIONS = (
					USE_FILE32API,
					CC_TARGET_OS_MAC,
					"COCOS2D_DEBUG=1",
					"CC_ENABLE_CHIPMUNK_INTEGRATION=1",
				);
				GCC_SYMBOLS_PRIVATE_EXTERN = NO;
				HEADER_SEARCH_PATHS = (
					"$(inherited)",
					"$(SRCROOT)/../cocos2d/cocos/platform/mac",
					"$(SRCROOT)/../cocos2d/external/glfw3/include/mac",
				);
				INFOPLIST_FILE = mac/Info.plist;
				LIBRARY_SEARCH_PATHS = "";
				OTHER_LDFLAGS = (
					"$(_COCOS_LIB_MAC_BEGIN)",
					"$(_COCOS_LIB_MAC_END)",
				);
				USER_HEADER_SEARCH_PATHS = "$(_COCOS_HEADER_MAC_BEGIN) $(_COCOS_HEADER_MAC_END)";
			};
			name = Debug;
		};
		5087E76E17EB910900C73F5D /* Release */ = {
			isa = XCBuildConfiguration;
			buildSettings = {
				ALWAYS_SEARCH_USER_PATHS = YES;
				ARCHS = "$(ARCHS_STANDARD_64_BIT)";
				CLANG_CXX_LANGUAGE_STANDARD = "c++0x";
				CLANG_CXX_LIBRARY = "libc++";
				GCC_INLINES_ARE_PRIVATE_EXTERN = NO;
				GCC_PRECOMPILE_PREFIX_HEADER = YES;
				GCC_PREFIX_HEADER = mac/Prefix.pch;
				GCC_PREPROCESSOR_DEFINITIONS = (
					USE_FILE32API,
					CC_TARGET_OS_MAC,
					"CC_ENABLE_CHIPMUNK_INTEGRATION=1",
				);
				GCC_SYMBOLS_PRIVATE_EXTERN = NO;
				HEADER_SEARCH_PATHS = (
					"$(inherited)",
					"$(SRCROOT)/../cocos2d/cocos/platform/mac",
					"$(SRCROOT)/../cocos2d/external/glfw3/include/mac",
				);
				INFOPLIST_FILE = mac/Info.plist;
				LIBRARY_SEARCH_PATHS = "";
				OTHER_LDFLAGS = (
					"$(_COCOS_LIB_MAC_BEGIN)",
					"$(_COCOS_LIB_MAC_END)",
				);
				USER_HEADER_SEARCH_PATHS = "$(_COCOS_HEADER_MAC_BEGIN) $(_COCOS_HEADER_MAC_END)";
			};
			name = Release;
		};
		C01FCF4F08A954540054247B /* Debug */ = {
			isa = XCBuildConfiguration;
			buildSettings = {
				CLANG_CXX_LANGUAGE_STANDARD = "c++0x";
				CLANG_CXX_LIBRARY = "libc++";
				COPY_PHASE_STRIP = NO;
				GCC_OPTIMIZATION_LEVEL = 0;
				GCC_WARN_ABOUT_RETURN_TYPE = YES;
				GCC_WARN_UNUSED_VARIABLE = YES;
				HEADER_SEARCH_PATHS = (
					"$(SRCROOT)/../cocos2d",
					"$(SRCROOT)/../cocos2d/cocos",
					"$(SRCROOT)/../cocos2d/cocos/base",
					"$(SRCROOT)/../cocos2d/cocos/physics",
					"$(SRCROOT)/../cocos2d/cocos/math",
					"$(SRCROOT)/../cocos2d/cocos/2d",
					"$(SRCROOT)/../cocos2d/cocos/ui",
					"$(SRCROOT)/../cocos2d/cocos/network",
					"$(SRCROOT)/../cocos2d/cocos/audio/include",
					"$(SRCROOT)/../cocos2d/cocos/editor-support",
					"$(SRCROOT)/../cocos2d/extensions",
					"$(SRCROOT)/../cocos2d/external",
					"$(SRCROOT)/../cocos2d/external/chipmunk/include/chipmunk",
				);
				IPHONEOS_DEPLOYMENT_TARGET = 6.0;
				MACOSX_DEPLOYMENT_TARGET = 10.7;
				ONLY_ACTIVE_ARCH = YES;
				PRODUCT_NAME = "$(TARGET_NAME)";
				SDKROOT = macosx;
			};
			name = Debug;
		};
		C01FCF5008A954540054247B /* Release */ = {
			isa = XCBuildConfiguration;
			buildSettings = {
				CLANG_CXX_LANGUAGE_STANDARD = "c++0x";
				CLANG_CXX_LIBRARY = "libc++";
				GCC_WARN_ABOUT_RETURN_TYPE = YES;
				GCC_WARN_UNUSED_VARIABLE = YES;
				HEADER_SEARCH_PATHS = (
					"$(SRCROOT)/../cocos2d",
					"$(SRCROOT)/../cocos2d/cocos",
					"$(SRCROOT)/../cocos2d/cocos/base",
					"$(SRCROOT)/../cocos2d/cocos/physics",
					"$(SRCROOT)/../cocos2d/cocos/math",
					"$(SRCROOT)/../cocos2d/cocos/2d",
					"$(SRCROOT)/../cocos2d/cocos/ui",
					"$(SRCROOT)/../cocos2d/cocos/network",
					"$(SRCROOT)/../cocos2d/cocos/audio/include",
					"$(SRCROOT)/../cocos2d/cocos/editor-support",
					"$(SRCROOT)/../cocos2d/extensions",
					"$(SRCROOT)/../cocos2d/external",
					"$(SRCROOT)/../cocos2d/external/chipmunk/include/chipmunk",
				);
				IPHONEOS_DEPLOYMENT_TARGET = 6.0;
				MACOSX_DEPLOYMENT_TARGET = 10.7;
				OTHER_CFLAGS = "-DNS_BLOCK_ASSERTIONS=1";
				PRODUCT_NAME = "$(TARGET_NAME)";
				SDKROOT = macosx;
				VALIDATE_PRODUCT = YES;
			};
			name = Release;
		};
/* End XCBuildConfiguration section */

/* Begin XCConfigurationList section */
		1D6058960D05DD3E006BFB54 /* Build configuration list for PBXNativeTarget "MagicTowerProject-mobile" */ = {
			isa = XCConfigurationList;
			buildConfigurations = (
				1D6058940D05DD3E006BFB54 /* Debug */,
				1D6058950D05DD3E006BFB54 /* Release */,
			);
			defaultConfigurationIsVisible = 0;
			defaultConfigurationName = Debug;
		};
		5087E76C17EB910900C73F5D /* Build configuration list for PBXNativeTarget "MagicTowerProject-desktop" */ = {
			isa = XCConfigurationList;
			buildConfigurations = (
				5087E76D17EB910900C73F5D /* Debug */,
				5087E76E17EB910900C73F5D /* Release */,
			);
			defaultConfigurationIsVisible = 0;
			defaultConfigurationName = Debug;
		};
		C01FCF4E08A954540054247B /* Build configuration list for PBXProject "MagicTowerProject" */ = {
			isa = XCConfigurationList;
			buildConfigurations = (
				C01FCF4F08A954540054247B /* Debug */,
				C01FCF5008A954540054247B /* Release */,
			);
			defaultConfigurationIsVisible = 0;
			defaultConfigurationName = Debug;
		};
/* End XCConfigurationList section */
	};
	rootObject = 29B97313FDCFA39411CA2CEA /* Project object */;
}
